
Microsoft Visual Studio Solution File, Format Version 12.00
# Visual Studio Version 16
VisualStudioVersion = 16.0.31624.102
MinimumVisualStudioVersion = 10.0.40219.1
Project("{FAE04EC0-301F-11D3-BF4B-00C04F79EFBC}") = "CurtisRutland.XrmTools.QueryBuilder", "CurtisRutland.XrmTools.QueryBuilder\CurtisRutland.XrmTools.QueryBuilder.csproj", "{D88943D0-F5E5-4AD5-BF9F-CF45D9755FD0}"
EndProject
Project("{FAE04EC0-301F-11D3-BF4B-00C04F79EFBC}") = "CurtisRutland.XrmTools.Extensions", "CurtisRutland.XrmTools.Extensions\CurtisRutland.XrmTools.Extensions.csproj", "{F5F48D03-C17E-4B1E-8680-5B3B421B1502}"
EndProject
Project("{FAE04EC0-301F-11D3-BF4B-00C04F79EFBC}") = "CurtisRutland.XrmTools.TestProject", "CurtisRutland.XrmTools.TestProject\CurtisRutland.XrmTools.TestProject.csproj", "{A67F087D-192A-4A17-8A4D-D66BBAB1C464}"
EndProject
Global
	GlobalSection(SolutionConfigurationPlatforms) = preSolution
		Debug|Any CPU = Debug|Any CPU
		Release|Any CPU = Release|Any CPU
	EndGlobalSection
	GlobalSection(ProjectConfigurationPlatforms) = postSolution
		{D88943D0-F5E5-4AD5-BF9F-CF45D9755FD0}.Debug|Any CPU.ActiveCfg = Debug|Any CPU
		{D88943D0-F5E5-4AD5-BF9F-CF45D9755FD0}.Debug|Any CPU.Build.0 = Debug|Any CPU
		{D88943D0-F5E5-4AD5-BF9F-CF45D9755FD0}.Release|Any CPU.ActiveCfg = Release|Any CPU
		{D88943D0-F5E5-4AD5-BF9F-CF45D9755FD0}.Release|Any CPU.Build.0 = Release|Any CPU
		{F5F48D03-C17E-4B1E-8680-5B3B421B1502}.Debug|Any CPU.ActiveCfg = Debug|Any CPU
		{F5F48D03-C17E-4B1E-8680-5B3B421B1502}.Debug|Any CPU.Build.0 = Debug|Any CPU
		{F5F48D03-C17E-4B1E-8680-5B3B421B1502}.Release|Any CPU.ActiveCfg = Release|Any CPU
		{F5F48D03-C17E-4B1E-8680-5B3B421B1502}.Release|Any CPU.Build.0 = Release|Any CPU
		{A67F087D-192A-4A17-8A4D-D66BBAB1C464}.Debug|Any CPU.ActiveCfg = Debug|Any CPU
		{A67F087D-192A-4A17-8A4D-D66BBAB1C464}.Debug|Any CPU.Build.0 = Debug|Any CPU
		{A67F087D-192A-4A17-8A4D-D66BBAB1C464}.Release|Any CPU.ActiveCfg = Release|Any CPU
		{A67F087D-192A-4A17-8A4D-D66BBAB1C464}.Release|Any CPU.Build.0 = Release|Any CPU
	EndGlobalSection
	GlobalSection(SolutionProperties) = preSolution
		HideSolutionNode = FALSE
	EndGlobalSection
	GlobalSection(ExtensibilityGlobals) = postSolution
		SolutionGuid = {C11F8AD1-6631-4486-90BE-B7FCFAB3E3B8}
	EndGlobalSection
EndGlobal
